
Microsoft Visual Studio Solution File, Format Version 12.00
# Visual Studio 15
VisualStudioVersion = 15.0.26228.9
MinimumVisualStudioVersion = 10.0.40219.1
Project("{FAE04EC0-301F-11D3-BF4B-00C04F79EFBC}") = "EstudoListView.Android", "EstudoListView\EstudoListView.Android\EstudoListView.Android.csproj", "{AE6D484E-D05A-43FB-B414-0E1091529206}"
EndProject
Project("{FAE04EC0-301F-11D3-BF4B-00C04F79EFBC}") = "EstudoListView", "EstudoListView\EstudoListView\EstudoListView.csproj", "{05A20DA1-71B2-43E7-B5DA-071BF3D4BAFD}"
EndProject
Project("{FAE04EC0-301F-11D3-BF4B-00C04F79EFBC}") = "EstudoListView.UWP", "EstudoListView\EstudoListView.UWP\EstudoListView.UWP.csproj", "{FFD78345-2835-4290-8045-A13847D03401}"
EndProject
Project("{FAE04EC0-301F-11D3-BF4B-00C04F79EFBC}") = "EstudoListView.iOS", "EstudoListView\EstudoListView.iOS\EstudoListView.iOS.csproj", "{B8C125BD-60E3-4CE1-94E5-96AFCF6C8296}"
EndProject
Global
	GlobalSection(SolutionConfigurationPlatforms) = preSolution
		Ad-Hoc|Any CPU = Ad-Hoc|Any CPU
		Ad-Hoc|ARM = Ad-Hoc|ARM
		Ad-Hoc|iPhone = Ad-Hoc|iPhone
		Ad-Hoc|iPhoneSimulator = Ad-Hoc|iPhoneSimulator
		Ad-Hoc|x64 = Ad-Hoc|x64
		Ad-Hoc|x86 = Ad-Hoc|x86
		AppStore|Any CPU = AppStore|Any CPU
		AppStore|ARM = AppStore|ARM
		AppStore|iPhone = AppStore|iPhone
		AppStore|iPhoneSimulator = AppStore|iPhoneSimulator
		AppStore|x64 = AppStore|x64
		AppStore|x86 = AppStore|x86
		Debug|Any CPU = Debug|Any CPU
		Debug|ARM = Debug|ARM
		Debug|iPhone = Debug|iPhone
		Debug|iPhoneSimulator = Debug|iPhoneSimulator
		Debug|x64 = Debug|x64
		Debug|x86 = Debug|x86
		Release|Any CPU = Release|Any CPU
		Release|ARM = Release|ARM
		Release|iPhone = Release|iPhone
		Release|iPhoneSimulator = Release|iPhoneSimulator
		Release|x64 = Release|x64
		Release|x86 = Release|x86
	EndGlobalSection
	GlobalSection(ProjectConfigurationPlatforms) = postSolution
		{AE6D484E-D05A-43FB-B414-0E1091529206}.Ad-Hoc|Any CPU.ActiveCfg = Release|Any CPU
		{AE6D484E-D05A-43FB-B414-0E1091529206}.Ad-Hoc|Any CPU.Build.0 = Release|Any CPU
		{AE6D484E-D05A-43FB-B414-0E1091529206}.Ad-Hoc|Any CPU.Deploy.0 = Release|Any CPU
		{AE6D484E-D05A-43FB-B414-0E1091529206}.Ad-Hoc|ARM.ActiveCfg = Release|Any CPU
		{AE6D484E-D05A-43FB-B414-0E1091529206}.Ad-Hoc|ARM.Build.0 = Release|Any CPU
		{AE6D484E-D05A-43FB-B414-0E1091529206}.Ad-Hoc|ARM.Deploy.0 = Release|Any CPU
		{AE6D484E-D05A-43FB-B414-0E1091529206}.Ad-Hoc|iPhone.ActiveCfg = Release|Any CPU
		{AE6D484E-D05A-43FB-B414-0E1091529206}.Ad-Hoc|iPhone.Build.0 = Release|Any CPU
		{AE6D484E-D05A-43FB-B414-0E1091529206}.Ad-Hoc|iPhone.Deploy.0 = Release|Any CPU
		{AE6D484E-D05A-43FB-B414-0E1091529206}.Ad-Hoc|iPhoneSimulator.ActiveCfg = Release|Any CPU
		{AE6D484E-D05A-43FB-B414-0E1091529206}.Ad-Hoc|iPhoneSimulator.Build.0 = Release|Any CPU
		{AE6D484E-D05A-43FB-B414-0E1091529206}.Ad-Hoc|iPhoneSimulator.Deploy.0 = Release|Any CPU
		{AE6D484E-D05A-43FB-B414-0E1091529206}.Ad-Hoc|x64.ActiveCfg = Release|Any CPU
		{AE6D484E-D05A-43FB-B414-0E1091529206}.Ad-Hoc|x64.Build.0 = Release|Any CPU
		{AE6D484E-D05A-43FB-B414-0E1091529206}.Ad-Hoc|x64.Deploy.0 = Release|Any CPU
		{AE6D484E-D05A-43FB-B414-0E1091529206}.Ad-Hoc|x86.ActiveCfg = Release|Any CPU
		{AE6D484E-D05A-43FB-B414-0E1091529206}.Ad-Hoc|x86.Build.0 = Release|Any CPU
		{AE6D484E-D05A-43FB-B414-0E1091529206}.Ad-Hoc|x86.Deploy.0 = Release|Any CPU
		{AE6D484E-D05A-43FB-B414-0E1091529206}.AppStore|Any CPU.ActiveCfg = Release|Any CPU
		{AE6D484E-D05A-43FB-B414-0E1091529206}.AppStore|Any CPU.Build.0 = Release|Any CPU
		{AE6D484E-D05A-43FB-B414-0E1091529206}.AppStore|Any CPU.Deploy.0 = Release|Any CPU
		{AE6D484E-D05A-43FB-B414-0E1091529206}.AppStore|ARM.ActiveCfg = Release|Any CPU
		{AE6D484E-D05A-43FB-B414-0E1091529206}.AppStore|ARM.Build.0 = Release|Any CPU
		{AE6D484E-D05A-43FB-B414-0E1091529206}.AppStore|ARM.Deploy.0 = Release|Any CPU
		{AE6D484E-D05A-43FB-B414-0E1091529206}.AppStore|iPhone.ActiveCfg = Release|Any CPU
		{AE6D484E-D05A-43FB-B414-0E1091529206}.AppStore|iPhone.Build.0 = Release|Any CPU
		{AE6D484E-D05A-43FB-B414-0E1091529206}.AppStore|iPhone.Deploy.0 = Release|Any CPU
		{AE6D484E-D05A-43FB-B414-0E1091529206}.AppStore|iPhoneSimulator.ActiveCfg = Release|Any CPU
		{AE6D484E-D05A-43FB-B414-0E1091529206}.AppStore|iPhoneSimulator.Build.0 = Release|Any CPU
		{AE6D484E-D05A-43FB-B414-0E1091529206}.AppStore|iPhoneSimulator.Deploy.0 = Release|Any CPU
		{AE6D484E-D05A-43FB-B414-0E1091529206}.AppStore|x64.ActiveCfg = Release|Any CPU
		{AE6D484E-D05A-43FB-B414-0E1091529206}.AppStore|x64.Build.0 = Release|Any CPU
		{AE6D484E-D05A-43FB-B414-0E1091529206}.AppStore|x64.Deploy.0 = Release|Any CPU
		{AE6D484E-D05A-43FB-B414-0E1091529206}.AppStore|x86.ActiveCfg = Release|Any CPU
		{AE6D484E-D05A-43FB-B414-0E1091529206}.AppStore|x86.Build.0 = Release|Any CPU
		{AE6D484E-D05A-43FB-B414-0E1091529206}.AppStore|x86.Deploy.0 = Release|Any CPU
		{AE6D484E-D05A-43FB-B414-0E1091529206}.Debug|Any CPU.ActiveCfg = Debug|Any CPU
		{AE6D484E-D05A-43FB-B414-0E1091529206}.Debug|Any CPU.Build.0 = Debug|Any CPU
		{AE6D484E-D05A-43FB-B414-0E1091529206}.Debug|Any CPU.Deploy.0 = Debug|Any CPU
		{AE6D484E-D05A-43FB-B414-0E1091529206}.Debug|ARM.ActiveCfg = Debug|Any CPU
		{AE6D484E-D05A-43FB-B414-0E1091529206}.Debug|ARM.Build.0 = Debug|Any CPU
		{AE6D484E-D05A-43FB-B414-0E1091529206}.Debug|ARM.Deploy.0 = Debug|Any CPU
		{AE6D484E-D05A-43FB-B414-0E1091529206}.Debug|iPhone.ActiveCfg = Debug|Any CPU
		{AE6D484E-D05A-43FB-B414-0E1091529206}.Debug|iPhone.Build.0 = Debug|Any CPU
		{AE6D484E-D05A-43FB-B414-0E1091529206}.Debug|iPhone.Deploy.0 = Debug|Any CPU
		{AE6D484E-D05A-43FB-B414-0E1091529206}.Debug|iPhoneSimulator.ActiveCfg = Debug|Any CPU
		{AE6D484E-D05A-43FB-B414-0E1091529206}.Debug|iPhoneSimulator.Build.0 = Debug|Any CPU
		{AE6D484E-D05A-43FB-B414-0E1091529206}.Debug|iPhoneSimulator.Deploy.0 = Debug|Any CPU
		{AE6D484E-D05A-43FB-B414-0E1091529206}.Debug|x64.ActiveCfg = Debug|Any CPU
		{AE6D484E-D05A-43FB-B414-0E1091529206}.Debug|x64.Build.0 = Debug|Any CPU
		{AE6D484E-D05A-43FB-B414-0E1091529206}.Debug|x64.Deploy.0 = Debug|Any CPU
		{AE6D484E-D05A-43FB-B414-0E1091529206}.Debug|x86.ActiveCfg = Debug|Any CPU
		{AE6D484E-D05A-43FB-B414-0E1091529206}.Debug|x86.Build.0 = Debug|Any CPU
		{AE6D484E-D05A-43FB-B414-0E1091529206}.Debug|x86.Deploy.0 = Debug|Any CPU
		{AE6D484E-D05A-43FB-B414-0E1091529206}.Release|Any CPU.ActiveCfg = Release|Any CPU
		{AE6D484E-D05A-43FB-B414-0E1091529206}.Release|Any CPU.Build.0 = Release|Any CPU
		{AE6D484E-D05A-43FB-B414-0E1091529206}.Release|Any CPU.Deploy.0 = Release|Any CPU
		{AE6D484E-D05A-43FB-B414-0E1091529206}.Release|ARM.ActiveCfg = Release|Any CPU
		{AE6D484E-D05A-43FB-B414-0E1091529206}.Release|ARM.Build.0 = Release|Any CPU
		{AE6D484E-D05A-43FB-B414-0E1091529206}.Release|ARM.Deploy.0 = Release|Any CPU
		{AE6D484E-D05A-43FB-B414-0E1091529206}.Release|iPhone.ActiveCfg = Release|Any CPU
		{AE6D484E-D05A-43FB-B414-0E1091529206}.Release|iPhone.Build.0 = Release|Any CPU
		{AE6D484E-D05A-43FB-B414-0E1091529206}.Release|iPhone.Deploy.0 = Release|Any CPU
		{AE6D484E-D05A-43FB-B414-0E1091529206}.Release|iPhoneSimulator.ActiveCfg = Release|Any CPU
		{AE6D484E-D05A-43FB-B414-0E1091529206}.Release|iPhoneSimulator.Build.0 = Release|Any CPU
		{AE6D484E-D05A-43FB-B414-0E1091529206}.Release|iPhoneSimulator.Deploy.0 = Release|Any CPU
		{AE6D484E-D05A-43FB-B414-0E1091529206}.Release|x64.ActiveCfg = Release|Any CPU
		{AE6D484E-D05A-43FB-B414-0E1091529206}.Release|x64.Build.0 = Release|Any CPU
		{AE6D484E-D05A-43FB-B414-0E1091529206}.Release|x64.Deploy.0 = Release|Any CPU
		{AE6D484E-D05A-43FB-B414-0E1091529206}.Release|x86.ActiveCfg = Release|Any CPU
		{AE6D484E-D05A-43FB-B414-0E1091529206}.Release|x86.Build.0 = Release|Any CPU
		{AE6D484E-D05A-43FB-B414-0E1091529206}.Release|x86.Deploy.0 = Release|Any CPU
		{05A20DA1-71B2-43E7-B5DA-071BF3D4BAFD}.Ad-Hoc|Any CPU.ActiveCfg = Release|Any CPU
		{05A20DA1-71B2-43E7-B5DA-071BF3D4BAFD}.Ad-Hoc|Any CPU.Build.0 = Release|Any CPU
		{05A20DA1-71B2-43E7-B5DA-071BF3D4BAFD}.Ad-Hoc|ARM.ActiveCfg = Release|Any CPU
		{05A20DA1-71B2-43E7-B5DA-071BF3D4BAFD}.Ad-Hoc|ARM.Build.0 = Release|Any CPU
		{05A20DA1-71B2-43E7-B5DA-071BF3D4BAFD}.Ad-Hoc|iPhone.ActiveCfg = Release|Any CPU
		{05A20DA1-71B2-43E7-B5DA-071BF3D4BAFD}.Ad-Hoc|iPhone.Build.0 = Release|Any CPU
		{05A20DA1-71B2-43E7-B5DA-071BF3D4BAFD}.Ad-Hoc|iPhoneSimulator.ActiveCfg = Release|Any CPU
		{05A20DA1-71B2-43E7-B5DA-071BF3D4BAFD}.Ad-Hoc|iPhoneSimulator.Build.0 = Release|Any CPU
		{05A20DA1-71B2-43E7-B5DA-071BF3D4BAFD}.Ad-Hoc|x64.ActiveCfg = Release|Any CPU
		{05A20DA1-71B2-43E7-B5DA-071BF3D4BAFD}.Ad-Hoc|x64.Build.0 = Release|Any CPU
		{05A20DA1-71B2-43E7-B5DA-071BF3D4BAFD}.Ad-Hoc|x86.ActiveCfg = Release|Any CPU
		{05A20DA1-71B2-43E7-B5DA-071BF3D4BAFD}.Ad-Hoc|x86.Build.0 = Release|Any CPU
		{05A20DA1-71B2-43E7-B5DA-071BF3D4BAFD}.AppStore|Any CPU.ActiveCfg = Release|Any CPU
		{05A20DA1-71B2-43E7-B5DA-071BF3D4BAFD}.AppStore|Any CPU.Build.0 = Release|Any CPU
		{05A20DA1-71B2-43E7-B5DA-071BF3D4BAFD}.AppStore|ARM.ActiveCfg = Release|Any CPU
		{05A20DA1-71B2-43E7-B5DA-071BF3D4BAFD}.AppStore|ARM.Build.0 = Release|Any CPU
		{05A20DA1-71B2-43E7-B5DA-071BF3D4BAFD}.AppStore|iPhone.ActiveCfg = Release|Any CPU
		{05A20DA1-71B2-43E7-B5DA-071BF3D4BAFD}.AppStore|iPhone.Build.0 = Release|Any CPU
		{05A20DA1-71B2-43E7-B5DA-071BF3D4BAFD}.AppStore|iPhoneSimulator.ActiveCfg = Release|Any CPU
		{05A20DA1-71B2-43E7-B5DA-071BF3D4BAFD}.AppStore|iPhoneSimulator.Build.0 = Release|Any CPU
		{05A20DA1-71B2-43E7-B5DA-071BF3D4BAFD}.AppStore|x64.ActiveCfg = Release|Any CPU
		{05A20DA1-71B2-43E7-B5DA-071BF3D4BAFD}.AppStore|x64.Build.0 = Release|Any CPU
		{05A20DA1-71B2-43E7-B5DA-071BF3D4BAFD}.AppStore|x86.ActiveCfg = Release|Any CPU
		{05A20DA1-71B2-43E7-B5DA-071BF3D4BAFD}.AppStore|x86.Build.0 = Release|Any CPU
		{05A20DA1-71B2-43E7-B5DA-071BF3D4BAFD}.Debug|Any CPU.ActiveCfg = Debug|Any CPU
		{05A20DA1-71B2-43E7-B5DA-071BF3D4BAFD}.Debug|Any CPU.Build.0 = Debug|Any CPU
		{05A20DA1-71B2-43E7-B5DA-071BF3D4BAFD}.Debug|ARM.ActiveCfg = Debug|Any CPU
		{05A20DA1-71B2-43E7-B5DA-071BF3D4BAFD}.Debug|ARM.Build.0 = Debug|Any CPU
		{05A20DA1-71B2-43E7-B5DA-071BF3D4BAFD}.Debug|iPhone.ActiveCfg = Debug|Any CPU
		{05A20DA1-71B2-43E7-B5DA-071BF3D4BAFD}.Debug|iPhone.Build.0 = Debug|Any CPU
		{05A20DA1-71B2-43E7-B5DA-071BF3D4BAFD}.Debug|iPhoneSimulator.ActiveCfg = Debug|Any CPU
		{05A20DA1-71B2-43E7-B5DA-071BF3D4BAFD}.Debug|iPhoneSimulator.Build.0 = Debug|Any CPU
		{05A20DA1-71B2-43E7-B5DA-071BF3D4BAFD}.Debug|x64.ActiveCfg = Debug|Any CPU
		{05A20DA1-71B2-43E7-B5DA-071BF3D4BAFD}.Debug|x64.Build.0 = Debug|Any CPU
		{05A20DA1-71B2-43E7-B5DA-071BF3D4BAFD}.Debug|x86.ActiveCfg = Debug|Any CPU
		{05A20DA1-71B2-43E7-B5DA-071BF3D4BAFD}.Debug|x86.Build.0 = Debug|Any CPU
		{05A20DA1-71B2-43E7-B5DA-071BF3D4BAFD}.Release|Any CPU.ActiveCfg = Release|Any CPU
		{05A20DA1-71B2-43E7-B5DA-071BF3D4BAFD}.Release|Any CPU.Build.0 = Release|Any CPU
		{05A20DA1-71B2-43E7-B5DA-071BF3D4BAFD}.Release|ARM.ActiveCfg = Release|Any CPU
		{05A20DA1-71B2-43E7-B5DA-071BF3D4BAFD}.Release|ARM.Build.0 = Release|Any CPU
		{05A20DA1-71B2-43E7-B5DA-071BF3D4BAFD}.Release|iPhone.ActiveCfg = Release|Any CPU
		{05A20DA1-71B2-43E7-B5DA-071BF3D4BAFD}.Release|iPhone.Build.0 = Release|Any CPU
		{05A20DA1-71B2-43E7-B5DA-071BF3D4BAFD}.Release|iPhoneSimulator.ActiveCfg = Release|Any CPU
		{05A20DA1-71B2-43E7-B5DA-071BF3D4BAFD}.Release|iPhoneSimulator.Build.0 = Release|Any CPU
		{05A20DA1-71B2-43E7-B5DA-071BF3D4BAFD}.Release|x64.ActiveCfg = Release|Any CPU
		{05A20DA1-71B2-43E7-B5DA-071BF3D4BAFD}.Release|x64.Build.0 = Release|Any CPU
		{05A20DA1-71B2-43E7-B5DA-071BF3D4BAFD}.Release|x86.ActiveCfg = Release|Any CPU
		{05A20DA1-71B2-43E7-B5DA-071BF3D4BAFD}.Release|x86.Build.0 = Release|Any CPU
		{FFD78345-2835-4290-8045-A13847D03401}.Ad-Hoc|Any CPU.ActiveCfg = Release|x86
		{FFD78345-2835-4290-8045-A13847D03401}.Ad-Hoc|Any CPU.Build.0 = Release|x86
		{FFD78345-2835-4290-8045-A13847D03401}.Ad-Hoc|Any CPU.Deploy.0 = Release|x86
		{FFD78345-2835-4290-8045-A13847D03401}.Ad-Hoc|ARM.ActiveCfg = Release|ARM
		{FFD78345-2835-4290-8045-A13847D03401}.Ad-Hoc|ARM.Build.0 = Release|ARM
		{FFD78345-2835-4290-8045-A13847D03401}.Ad-Hoc|ARM.Deploy.0 = Release|ARM
		{FFD78345-2835-4290-8045-A13847D03401}.Ad-Hoc|iPhone.ActiveCfg = Release|x86
		{FFD78345-2835-4290-8045-A13847D03401}.Ad-Hoc|iPhone.Build.0 = Release|x86
		{FFD78345-2835-4290-8045-A13847D03401}.Ad-Hoc|iPhone.Deploy.0 = Release|x86
		{FFD78345-2835-4290-8045-A13847D03401}.Ad-Hoc|iPhoneSimulator.ActiveCfg = Release|x86
		{FFD78345-2835-4290-8045-A13847D03401}.Ad-Hoc|iPhoneSimulator.Build.0 = Release|x86
		{FFD78345-2835-4290-8045-A13847D03401}.Ad-Hoc|iPhoneSimulator.Deploy.0 = Release|x86
		{FFD78345-2835-4290-8045-A13847D03401}.Ad-Hoc|x64.ActiveCfg = Release|x64
		{FFD78345-2835-4290-8045-A13847D03401}.Ad-Hoc|x64.Build.0 = Release|x64
		{FFD78345-2835-4290-8045-A13847D03401}.Ad-Hoc|x64.Deploy.0 = Release|x64
		{FFD78345-2835-4290-8045-A13847D03401}.Ad-Hoc|x86.ActiveCfg = Release|x86
		{FFD78345-2835-4290-8045-A13847D03401}.Ad-Hoc|x86.Build.0 = Release|x86
		{FFD78345-2835-4290-8045-A13847D03401}.Ad-Hoc|x86.Deploy.0 = Release|x86
		{FFD78345-2835-4290-8045-A13847D03401}.AppStore|Any CPU.ActiveCfg = Release|x86
		{FFD78345-2835-4290-8045-A13847D03401}.AppStore|Any CPU.Build.0 = Release|x86
		{FFD78345-2835-4290-8045-A13847D03401}.AppStore|Any CPU.Deploy.0 = Release|x86
		{FFD78345-2835-4290-8045-A13847D03401}.AppStore|ARM.ActiveCfg = Release|ARM
		{FFD78345-2835-4290-8045-A13847D03401}.AppStore|ARM.Build.0 = Release|ARM
		{FFD78345-2835-4290-8045-A13847D03401}.AppStore|ARM.Deploy.0 = Release|ARM
		{FFD78345-2835-4290-8045-A13847D03401}.AppStore|iPhone.ActiveCfg = Release|x86
		{FFD78345-2835-4290-8045-A13847D03401}.AppStore|iPhone.Build.0 = Release|x86
		{FFD78345-2835-4290-8045-A13847D03401}.AppStore|iPhone.Deploy.0 = Release|x86
		{FFD78345-2835-4290-8045-A13847D03401}.AppStore|iPhoneSimulator.ActiveCfg = Release|x86
		{FFD78345-2835-4290-8045-A13847D03401}.AppStore|iPhoneSimulator.Build.0 = Release|x86
		{FFD78345-2835-4290-8045-A13847D03401}.AppStore|iPhoneSimulator.Deploy.0 = Release|x86
		{FFD78345-2835-4290-8045-A13847D03401}.AppStore|x64.ActiveCfg = Release|x64
		{FFD78345-2835-4290-8045-A13847D03401}.AppStore|x64.Build.0 = Release|x64
		{FFD78345-2835-4290-8045-A13847D03401}.AppStore|x64.Deploy.0 = Release|x64
		{FFD78345-2835-4290-8045-A13847D03401}.AppStore|x86.ActiveCfg = Release|x86
		{FFD78345-2835-4290-8045-A13847D03401}.AppStore|x86.Build.0 = Release|x86
		{FFD78345-2835-4290-8045-A13847D03401}.AppStore|x86.Deploy.0 = Release|x86
		{FFD78345-2835-4290-8045-A13847D03401}.Debug|Any CPU.ActiveCfg = Debug|x86
		{FFD78345-2835-4290-8045-A13847D03401}.Debug|ARM.ActiveCfg = Debug|ARM
		{FFD78345-2835-4290-8045-A13847D03401}.Debug|ARM.Build.0 = Debug|ARM
		{FFD78345-2835-4290-8045-A13847D03401}.Debug|ARM.Deploy.0 = Debug|ARM
		{FFD78345-2835-4290-8045-A13847D03401}.Debug|iPhone.ActiveCfg = Debug|x86
		{FFD78345-2835-4290-8045-A13847D03401}.Debug|iPhoneSimulator.ActiveCfg = Debug|x86
		{FFD78345-2835-4290-8045-A13847D03401}.Debug|x64.ActiveCfg = Debug|x64
		{FFD78345-2835-4290-8045-A13847D03401}.Debug|x64.Build.0 = Debug|x64
		{FFD78345-2835-4290-8045-A13847D03401}.Debug|x64.Deploy.0 = Debug|x64
		{FFD78345-2835-4290-8045-A13847D03401}.Debug|x86.ActiveCfg = Debug|x86
		{FFD78345-2835-4290-8045-A13847D03401}.Debug|x86.Build.0 = Debug|x86
		{FFD78345-2835-4290-8045-A13847D03401}.Debug|x86.Deploy.0 = Debug|x86
		{FFD78345-2835-4290-8045-A13847D03401}.Release|Any CPU.ActiveCfg = Release|x86
		{FFD78345-2835-4290-8045-A13847D03401}.Release|ARM.ActiveCfg = Release|ARM
		{FFD78345-2835-4290-8045-A13847D03401}.Release|ARM.Build.0 = Release|ARM
		{FFD78345-2835-4290-8045-A13847D03401}.Release|ARM.Deploy.0 = Release|ARM
		{FFD78345-2835-4290-8045-A13847D03401}.Release|iPhone.ActiveCfg = Release|x86
		{FFD78345-2835-4290-8045-A13847D03401}.Release|iPhoneSimulator.ActiveCfg = Release|x86
		{FFD78345-2835-4290-8045-A13847D03401}.Release|x64.ActiveCfg = Release|x64
		{FFD78345-2835-4290-8045-A13847D03401}.Release|x64.Build.0 = Release|x64
		{FFD78345-2835-4290-8045-A13847D03401}.Release|x64.Deploy.0 = Release|x64
		{FFD78345-2835-4290-8045-A13847D03401}.Release|x86.ActiveCfg = Release|x86
		{FFD78345-2835-4290-8045-A13847D03401}.Release|x86.Build.0 = Release|x86
		{FFD78345-2835-4290-8045-A13847D03401}.Release|x86.Deploy.0 = Release|x86
		{B8C125BD-60E3-4CE1-94E5-96AFCF6C8296}.Ad-Hoc|Any CPU.ActiveCfg = Ad-Hoc|iPhone
		{B8C125BD-60E3-4CE1-94E5-96AFCF6C8296}.Ad-Hoc|ARM.ActiveCfg = Ad-Hoc|iPhone
		{B8C125BD-60E3-4CE1-94E5-96AFCF6C8296}.Ad-Hoc|iPhone.ActiveCfg = Ad-Hoc|iPhone
		{B8C125BD-60E3-4CE1-94E5-96AFCF6C8296}.Ad-Hoc|iPhone.Build.0 = Ad-Hoc|iPhone
		{B8C125BD-60E3-4CE1-94E5-96AFCF6C8296}.Ad-Hoc|iPhoneSimulator.ActiveCfg = Ad-Hoc|iPhoneSimulator
		{B8C125BD-60E3-4CE1-94E5-96AFCF6C8296}.Ad-Hoc|iPhoneSimulator.Build.0 = Ad-Hoc|iPhoneSimulator
		{B8C125BD-60E3-4CE1-94E5-96AFCF6C8296}.Ad-Hoc|x64.ActiveCfg = Ad-Hoc|iPhone
		{B8C125BD-60E3-4CE1-94E5-96AFCF6C8296}.Ad-Hoc|x86.ActiveCfg = Ad-Hoc|iPhone
		{B8C125BD-60E3-4CE1-94E5-96AFCF6C8296}.AppStore|Any CPU.ActiveCfg = AppStore|iPhone
		{B8C125BD-60E3-4CE1-94E5-96AFCF6C8296}.AppStore|ARM.ActiveCfg = AppStore|iPhone
		{B8C125BD-60E3-4CE1-94E5-96AFCF6C8296}.AppStore|iPhone.ActiveCfg = AppStore|iPhone
		{B8C125BD-60E3-4CE1-94E5-96AFCF6C8296}.AppStore|iPhone.Build.0 = AppStore|iPhone
		{B8C125BD-60E3-4CE1-94E5-96AFCF6C8296}.AppStore|iPhoneSimulator.ActiveCfg = AppStore|iPhoneSimulator
		{B8C125BD-60E3-4CE1-94E5-96AFCF6C8296}.AppStore|iPhoneSimulator.Build.0 = AppStore|iPhoneSimulator
		{B8C125BD-60E3-4CE1-94E5-96AFCF6C8296}.AppStore|x64.ActiveCfg = AppStore|iPhone
		{B8C125BD-60E3-4CE1-94E5-96AFCF6C8296}.AppStore|x86.ActiveCfg = AppStore|iPhone
		{B8C125BD-60E3-4CE1-94E5-96AFCF6C8296}.Debug|Any CPU.ActiveCfg = Debug|iPhone
		{B8C125BD-60E3-4CE1-94E5-96AFCF6C8296}.Debug|ARM.ActiveCfg = Debug|iPhone
		{B8C125BD-60E3-4CE1-94E5-96AFCF6C8296}.Debug|iPhone.ActiveCfg = Debug|iPhone
		{B8C125BD-60E3-4CE1-94E5-96AFCF6C8296}.Debug|iPhone.Build.0 = Debug|iPhone
		{B8C125BD-60E3-4CE1-94E5-96AFCF6C8296}.Debug|iPhoneSimulator.ActiveCfg = Debug|iPhoneSimulator
		{B8C125BD-60E3-4CE1-94E5-96AFCF6C8296}.Debug|iPhoneSimulator.Build.0 = Debug|iPhoneSimulator
		{B8C125BD-60E3-4CE1-94E5-96AFCF6C8296}.Debug|x64.ActiveCfg = Debug|iPhone
		{B8C125BD-60E3-4CE1-94E5-96AFCF6C8296}.Debug|x86.ActiveCfg = Debug|iPhone
		{B8C125BD-60E3-4CE1-94E5-96AFCF6C8296}.Release|Any CPU.ActiveCfg = Release|iPhone
		{B8C125BD-60E3-4CE1-94E5-96AFCF6C8296}.Release|ARM.ActiveCfg = Release|iPhone
		{B8C125BD-60E3-4CE1-94E5-96AFCF6C8296}.Release|iPhone.ActiveCfg = Release|iPhone
		{B8C125BD-60E3-4CE1-94E5-96AFCF6C8296}.Release|iPhone.Build.0 = Release|iPhone
		{B8C125BD-60E3-4CE1-94E5-96AFCF6C8296}.Release|iPhoneSimulator.ActiveCfg = Release|iPhoneSimulator
		{B8C125BD-60E3-4CE1-94E5-96AFCF6C8296}.Release|iPhoneSimulator.Build.0 = Release|iPhoneSimulator
		{B8C125BD-60E3-4CE1-94E5-96AFCF6C8296}.Release|x64.ActiveCfg = Release|iPhone
		{B8C125BD-60E3-4CE1-94E5-96AFCF6C8296}.Release|x86.ActiveCfg = Release|iPhone
	EndGlobalSection
	GlobalSection(SolutionProperties) = preSolution
		HideSolutionNode = FALSE
	EndGlobalSection
EndGlobal
